
Microsoft Visual Studio Solution File, Format Version 12.00
# Visual Studio 15
Project("{FAE04EC0-301F-11D3-BF4B-00C04F79EFBC}") = "PalindromeExercise", "PalindromeExercise.csproj", "{072274D1-EB12-46DF-96B8-8E4C8C8C305B}"
EndProject
Global
	GlobalSection(SolutionConfigurationPlatforms) = preSolution
		Debug|Any CPU = Debug|Any CPU
		Release|Any CPU = Release|Any CPU
	EndGlobalSection
	GlobalSection(ProjectConfigurationPlatforms) = postSolution
		{072274D1-EB12-46DF-96B8-8E4C8C8C305B}.Debug|Any CPU.ActiveCfg = Debug|Any CPU
		{072274D1-EB12-46DF-96B8-8E4C8C8C305B}.Debug|Any CPU.Build.0 = Debug|Any CPU
		{072274D1-EB12-46DF-96B8-8E4C8C8C305B}.Release|Any CPU.ActiveCfg = Release|Any CPU
		{072274D1-EB12-46DF-96B8-8E4C8C8C305B}.Release|Any CPU.Build.0 = Release|Any CPU
	EndGlobalSection
EndGlobal
